
Microsoft Visual Studio Solution File, Format Version 12.00
# Visual Studio 2013
VisualStudioVersion = 12.0.30110.0
MinimumVisualStudioVersion = 10.0.40219.1
Project("{FAE04EC0-301F-11D3-BF4B-00C04F79EFBC}") = "WpfApplication1", "WpfApplication1\WpfApplication1.csproj", "{5B828E64-F39C-4016-96DF-59D0F41B44AA}"
EndProject
Project("{FAE04EC0-301F-11D3-BF4B-00C04F79EFBC}") = "WpfApplication2", "WpfApplication2\WpfApplication2.csproj", "{E63D38DC-62CB-4672-A88E-6C24FFFF5E27}"
EndProject
Project("{FAE04EC0-301F-11D3-BF4B-00C04F79EFBC}") = "WpfApplication3", "WpfApplication3\WpfApplication3.csproj", "{2B61E4AE-48F5-4C4B-A61A-9F16CD0E8AFA}"
EndProject
Project("{6141683F-8A12-4E36-9623-2EB02B2C2303}") = "Setup3", "Setup3\Setup3.isproj", "{F240A1E2-ABFC-4FA8-869D-877762C873CB}"
EndProject
Global
	GlobalSection(SolutionConfigurationPlatforms) = preSolution
		CD_ROM|Any CPU = CD_ROM|Any CPU
		Debug|Any CPU = Debug|Any CPU
		DVD-5|Any CPU = DVD-5|Any CPU
		Release|Any CPU = Release|Any CPU
		SingleImage|Any CPU = SingleImage|Any CPU
	EndGlobalSection
	GlobalSection(ProjectConfigurationPlatforms) = postSolution
		{5B828E64-F39C-4016-96DF-59D0F41B44AA}.CD_ROM|Any CPU.ActiveCfg = Release|Any CPU
		{5B828E64-F39C-4016-96DF-59D0F41B44AA}.CD_ROM|Any CPU.Build.0 = Release|Any CPU
		{5B828E64-F39C-4016-96DF-59D0F41B44AA}.Debug|Any CPU.ActiveCfg = Debug|Any CPU
		{5B828E64-F39C-4016-96DF-59D0F41B44AA}.Debug|Any CPU.Build.0 = Debug|Any CPU
		{5B828E64-F39C-4016-96DF-59D0F41B44AA}.DVD-5|Any CPU.ActiveCfg = Debug|Any CPU
		{5B828E64-F39C-4016-96DF-59D0F41B44AA}.DVD-5|Any CPU.Build.0 = Debug|Any CPU
		{5B828E64-F39C-4016-96DF-59D0F41B44AA}.Release|Any CPU.ActiveCfg = Release|Any CPU
		{5B828E64-F39C-4016-96DF-59D0F41B44AA}.Release|Any CPU.Build.0 = Release|Any CPU
		{5B828E64-F39C-4016-96DF-59D0F41B44AA}.SingleImage|Any CPU.ActiveCfg = Release|Any CPU
		{5B828E64-F39C-4016-96DF-59D0F41B44AA}.SingleImage|Any CPU.Build.0 = Release|Any CPU
		{E63D38DC-62CB-4672-A88E-6C24FFFF5E27}.CD_ROM|Any CPU.ActiveCfg = Release|Any CPU
		{E63D38DC-62CB-4672-A88E-6C24FFFF5E27}.CD_ROM|Any CPU.Build.0 = Release|Any CPU
		{E63D38DC-62CB-4672-A88E-6C24FFFF5E27}.Debug|Any CPU.ActiveCfg = Debug|Any CPU
		{E63D38DC-62CB-4672-A88E-6C24FFFF5E27}.Debug|Any CPU.Build.0 = Debug|Any CPU
		{E63D38DC-62CB-4672-A88E-6C24FFFF5E27}.DVD-5|Any CPU.ActiveCfg = Debug|Any CPU
		{E63D38DC-62CB-4672-A88E-6C24FFFF5E27}.DVD-5|Any CPU.Build.0 = Debug|Any CPU
		{E63D38DC-62CB-4672-A88E-6C24FFFF5E27}.Release|Any CPU.ActiveCfg = Release|Any CPU
		{E63D38DC-62CB-4672-A88E-6C24FFFF5E27}.Release|Any CPU.Build.0 = Release|Any CPU
		{E63D38DC-62CB-4672-A88E-6C24FFFF5E27}.SingleImage|Any CPU.ActiveCfg = Release|Any CPU
		{E63D38DC-62CB-4672-A88E-6C24FFFF5E27}.SingleImage|Any CPU.Build.0 = Release|Any CPU
		{2B61E4AE-48F5-4C4B-A61A-9F16CD0E8AFA}.CD_ROM|Any CPU.ActiveCfg = Release|Any CPU
		{2B61E4AE-48F5-4C4B-A61A-9F16CD0E8AFA}.CD_ROM|Any CPU.Build.0 = Release|Any CPU
		{2B61E4AE-48F5-4C4B-A61A-9F16CD0E8AFA}.Debug|Any CPU.ActiveCfg = Debug|Any CPU
		{2B61E4AE-48F5-4C4B-A61A-9F16CD0E8AFA}.Debug|Any CPU.Build.0 = Debug|Any CPU
		{2B61E4AE-48F5-4C4B-A61A-9F16CD0E8AFA}.DVD-5|Any CPU.ActiveCfg = Debug|Any CPU
		{2B61E4AE-48F5-4C4B-A61A-9F16CD0E8AFA}.DVD-5|Any CPU.Build.0 = Debug|Any CPU
		{2B61E4AE-48F5-4C4B-A61A-9F16CD0E8AFA}.Release|Any CPU.ActiveCfg = Release|Any CPU
		{2B61E4AE-48F5-4C4B-A61A-9F16CD0E8AFA}.Release|Any CPU.Build.0 = Release|Any CPU
		{2B61E4AE-48F5-4C4B-A61A-9F16CD0E8AFA}.SingleImage|Any CPU.ActiveCfg = Release|Any CPU
		{2B61E4AE-48F5-4C4B-A61A-9F16CD0E8AFA}.SingleImage|Any CPU.Build.0 = Release|Any CPU
		{F240A1E2-ABFC-4FA8-869D-877762C873CB}.CD_ROM|Any CPU.ActiveCfg = CD_ROM
		{F240A1E2-ABFC-4FA8-869D-877762C873CB}.CD_ROM|Any CPU.Build.0 = CD_ROM
		{F240A1E2-ABFC-4FA8-869D-877762C873CB}.Debug|Any CPU.ActiveCfg = DVD-5
		{F240A1E2-ABFC-4FA8-869D-877762C873CB}.Debug|Any CPU.Build.0 = DVD-5
		{F240A1E2-ABFC-4FA8-869D-877762C873CB}.DVD-5|Any CPU.ActiveCfg = DVD-5
		{F240A1E2-ABFC-4FA8-869D-877762C873CB}.DVD-5|Any CPU.Build.0 = DVD-5
		{F240A1E2-ABFC-4FA8-869D-877762C873CB}.Release|Any CPU.ActiveCfg = SingleImage
		{F240A1E2-ABFC-4FA8-869D-877762C873CB}.Release|Any CPU.Build.0 = SingleImage
		{F240A1E2-ABFC-4FA8-869D-877762C873CB}.SingleImage|Any CPU.ActiveCfg = SingleImage
		{F240A1E2-ABFC-4FA8-869D-877762C873CB}.SingleImage|Any CPU.Build.0 = SingleImage
	EndGlobalSection
	GlobalSection(SolutionProperties) = preSolution
		HideSolutionNode = FALSE
	EndGlobalSection
EndGlobal
